// !$*UTF8*$!
{
	archiveVersion = 1;
	classes = {
	};
	objectVersion = 55;
	objects = {

/* Begin PBXBuildFile section */
		EA24D24E27FD74090055B928 /* ColorDial.swift in Sources */ = {isa = PBXBuildFile; fileRef = EA24D24D27FD74090055B928 /* ColorDial.swift */; };
		EA2E385A27E6ED2300122877 /* AppDelegate.swift in Sources */ = {isa = PBXBuildFile; fileRef = EA2E385927E6ED2300122877 /* AppDelegate.swift */; };
		EA2E385C27E6ED2300122877 /* SceneDelegate.swift in Sources */ = {isa = PBXBuildFile; fileRef = EA2E385B27E6ED2300122877 /* SceneDelegate.swift */; };
		EA2E385E27E6ED2300122877 /* CoolCalcViewController.swift in Sources */ = {isa = PBXBuildFile; fileRef = EA2E385D27E6ED2300122877 /* CoolCalcViewController.swift */; };
		EA2E386127E6ED2300122877 /* Main.storyboard in Resources */ = {isa = PBXBuildFile; fileRef = EA2E385F27E6ED2300122877 /* Main.storyboard */; };
		EA2E386327E6ED2400122877 /* Assets.xcassets in Resources */ = {isa = PBXBuildFile; fileRef = EA2E386227E6ED2400122877 /* Assets.xcassets */; };
		EA2E386627E6ED2400122877 /* LaunchScreen.storyboard in Resources */ = {isa = PBXBuildFile; fileRef = EA2E386427E6ED2400122877 /* LaunchScreen.storyboard */; };
		EA2E387127E7A7BD00122877 /* CalcButton.swift in Sources */ = {isa = PBXBuildFile; fileRef = EA2E387027E7A7BD00122877 /* CalcButton.swift */; };
		EA2E387527E7EA2800122877 /* CalcLogic.swift in Sources */ = {isa = PBXBuildFile; fileRef = EA2E387427E7EA2800122877 /* CalcLogic.swift */; };
		EA2E387927E8430400122877 /* Extension+UIView.swift in Sources */ = {isa = PBXBuildFile; fileRef = EA2E387827E8430400122877 /* Extension+UIView.swift */; };
		EA2E388227EAF71C00122877 /* SettingsView.swift in Sources */ = {isa = PBXBuildFile; fileRef = EA2E388127EAF71C00122877 /* SettingsView.swift */; };
		EA2E38E127F9199D00122877 /* Extension+UIColor.swift in Sources */ = {isa = PBXBuildFile; fileRef = EA2E38E027F9199D00122877 /* Extension+UIColor.swift */; };
		EA2E38E527F919F800122877 /* ImmediatePanGestureRecognizer.swift in Sources */ = {isa = PBXBuildFile; fileRef = EA2E38E427F919F800122877 /* ImmediatePanGestureRecognizer.swift */; };
		EA31685C28014E68009A6DDC /* AppearanceButton.mp3 in Resources */ = {isa = PBXBuildFile; fileRef = EA31685928014E68009A6DDC /* AppearanceButton.mp3 */; };
		EA31686028015137009A6DDC /* MuteOn.mp3 in Resources */ = {isa = PBXBuildFile; fileRef = EA31685E28015137009A6DDC /* MuteOn.mp3 */; };
		EA31686128015137009A6DDC /* MuteOff.mp3 in Resources */ = {isa = PBXBuildFile; fileRef = EA31685F28015137009A6DDC /* MuteOff.mp3 */; };
		EA3168632801E51C009A6DDC /* CalcView.swift in Sources */ = {isa = PBXBuildFile; fileRef = EA3168622801E51C009A6DDC /* CalcView.swift */; };
		EA31686828036F8E009A6DDC /* LightOn.mp3 in Resources */ = {isa = PBXBuildFile; fileRef = EA31686728036F8E009A6DDC /* LightOn.mp3 */; };
		EA31686C280371A9009A6DDC /* LightOff.mp3 in Resources */ = {isa = PBXBuildFile; fileRef = EA31686B280371A9009A6DDC /* LightOff.mp3 */; };
		EA31687A280D08BE009A6DDC /* Tap2.mp3 in Resources */ = {isa = PBXBuildFile; fileRef = EA316879280D08BE009A6DDC /* Tap2.mp3 */; };
		EA316884280D1CC0009A6DDC /* Tap3.mp3 in Resources */ = {isa = PBXBuildFile; fileRef = EA316883280D1CC0009A6DDC /* Tap3.mp3 */; };
		EA5D2A7F27FA8BCC0037E967 /* AudioPlayer.swift in Sources */ = {isa = PBXBuildFile; fileRef = EA5D2A7E27FA8BCC0037E967 /* AudioPlayer.swift */; };
		EA5D2A8327FAB0A50037E967 /* CustomButton.swift in Sources */ = {isa = PBXBuildFile; fileRef = EA5D2A8227FAB0A50037E967 /* CustomButton.swift */; };
		EA5D2A8627FAC1530037E967 /* SettingsButton.swift in Sources */ = {isa = PBXBuildFile; fileRef = EA5D2A8527FAC1530037E967 /* SettingsButton.swift */; };
		EA7AD52F280E604D0095F5A7 /* Tap1.mp3 in Resources */ = {isa = PBXBuildFile; fileRef = EA7AD52E280E604D0095F5A7 /* Tap1.mp3 */; };
		EAA3ABBA27F97FB600805D9C /* K.swift in Sources */ = {isa = PBXBuildFile; fileRef = EAA3ABB927F97FB600805D9C /* K.swift */; };
		EAA3ABBC27F9818600805D9C /* Extension+UserDefaults.swift in Sources */ = {isa = PBXBuildFile; fileRef = EAA3ABBB27F9818600805D9C /* Extension+UserDefaults.swift */; };
/* End PBXBuildFile section */

/* Begin PBXFileReference section */
		EA24D24D27FD74090055B928 /* ColorDial.swift */ = {isa = PBXFileReference; lastKnownFileType = sourcecode.swift; path = ColorDial.swift; sourceTree = "<group>"; };
		EA2E385627E6ED2300122877 /* CoolCalc.app */ = {isa = PBXFileReference; explicitFileType = wrapper.application; includeInIndex = 0; path = CoolCalc.app; sourceTree = BUILT_PRODUCTS_DIR; };
		EA2E385927E6ED2300122877 /* AppDelegate.swift */ = {isa = PBXFileReference; lastKnownFileType = sourcecode.swift; path = AppDelegate.swift; sourceTree = "<group>"; };
		EA2E385B27E6ED2300122877 /* SceneDelegate.swift */ = {isa = PBXFileReference; lastKnownFileType = sourcecode.swift; path = SceneDelegate.swift; sourceTree = "<group>"; };
		EA2E385D27E6ED2300122877 /* CoolCalcViewController.swift */ = {isa = PBXFileReference; lastKnownFileType = sourcecode.swift; path = CoolCalcViewController.swift; sourceTree = "<group>"; };
		EA2E386027E6ED2300122877 /* Base */ = {isa = PBXFileReference; lastKnownFileType = file.storyboard; name = Base; path = Base.lproj/Main.storyboard; sourceTree = "<group>"; };
		EA2E386227E6ED2400122877 /* Assets.xcassets */ = {isa = PBXFileReference; lastKnownFileType = folder.assetcatalog; path = Assets.xcassets; sourceTree = "<group>"; };
		EA2E386527E6ED2400122877 /* Base */ = {isa = PBXFileReference; lastKnownFileType = file.storyboard; name = Base; path = Base.lproj/LaunchScreen.storyboard; sourceTree = "<group>"; };
		EA2E386727E6ED2400122877 /* Info.plist */ = {isa = PBXFileReference; lastKnownFileType = text.plist.xml; path = Info.plist; sourceTree = "<group>"; };
		EA2E387027E7A7BD00122877 /* CalcButton.swift */ = {isa = PBXFileReference; lastKnownFileType = sourcecode.swift; path = CalcButton.swift; sourceTree = "<group>"; };
		EA2E387427E7EA2800122877 /* CalcLogic.swift */ = {isa = PBXFileReference; lastKnownFileType = sourcecode.swift; path = CalcLogic.swift; sourceTree = "<group>"; };
		EA2E387827E8430400122877 /* Extension+UIView.swift */ = {isa = PBXFileReference; lastKnownFileType = sourcecode.swift; path = "Extension+UIView.swift"; sourceTree = "<group>"; };
		EA2E388127EAF71C00122877 /* SettingsView.swift */ = {isa = PBXFileReference; lastKnownFileType = sourcecode.swift; path = SettingsView.swift; sourceTree = "<group>"; };
		EA2E38E027F9199D00122877 /* Extension+UIColor.swift */ = {isa = PBXFileReference; lastKnownFileType = sourcecode.swift; path = "Extension+UIColor.swift"; sourceTree = "<group>"; };
		EA2E38E427F919F800122877 /* ImmediatePanGestureRecognizer.swift */ = {isa = PBXFileReference; lastKnownFileType = sourcecode.swift; path = ImmediatePanGestureRecognizer.swift; sourceTree = "<group>"; };
		EA31685928014E68009A6DDC /* AppearanceButton.mp3 */ = {isa = PBXFileReference; lastKnownFileType = audio.mp3; path = AppearanceButton.mp3; sourceTree = "<group>"; };
		EA31685E28015137009A6DDC /* MuteOn.mp3 */ = {isa = PBXFileReference; lastKnownFileType = audio.mp3; path = MuteOn.mp3; sourceTree = "<group>"; };
		EA31685F28015137009A6DDC /* MuteOff.mp3 */ = {isa = PBXFileReference; lastKnownFileType = audio.mp3; path = MuteOff.mp3; sourceTree = "<group>"; };
		EA3168622801E51C009A6DDC /* CalcView.swift */ = {isa = PBXFileReference; lastKnownFileType = sourcecode.swift; path = CalcView.swift; sourceTree = "<group>"; };
		EA31686728036F8E009A6DDC /* LightOn.mp3 */ = {isa = PBXFileReference; lastKnownFileType = audio.mp3; path = LightOn.mp3; sourceTree = "<group>"; };
		EA31686B280371A9009A6DDC /* LightOff.mp3 */ = {isa = PBXFileReference; lastKnownFileType = audio.mp3; path = LightOff.mp3; sourceTree = "<group>"; };
		EA316879280D08BE009A6DDC /* Tap2.mp3 */ = {isa = PBXFileReference; lastKnownFileType = audio.mp3; path = Tap2.mp3; sourceTree = "<group>"; };
		EA316883280D1CC0009A6DDC /* Tap3.mp3 */ = {isa = PBXFileReference; lastKnownFileType = audio.mp3; path = Tap3.mp3; sourceTree = "<group>"; };
		EA5D2A7E27FA8BCC0037E967 /* AudioPlayer.swift */ = {isa = PBXFileReference; lastKnownFileType = sourcecode.swift; path = AudioPlayer.swift; sourceTree = "<group>"; };
		EA5D2A8227FAB0A50037E967 /* CustomButton.swift */ = {isa = PBXFileReference; lastKnownFileType = sourcecode.swift; path = CustomButton.swift; sourceTree = "<group>"; };
		EA5D2A8527FAC1530037E967 /* SettingsButton.swift */ = {isa = PBXFileReference; lastKnownFileType = sourcecode.swift; path = SettingsButton.swift; sourceTree = "<group>"; };
		EA7AD52E280E604D0095F5A7 /* Tap1.mp3 */ = {isa = PBXFileReference; lastKnownFileType = audio.mp3; path = Tap1.mp3; sourceTree = "<group>"; };
		EAA3ABB927F97FB600805D9C /* K.swift */ = {isa = PBXFileReference; lastKnownFileType = sourcecode.swift; path = K.swift; sourceTree = "<group>"; };
		EAA3ABBB27F9818600805D9C /* Extension+UserDefaults.swift */ = {isa = PBXFileReference; lastKnownFileType = sourcecode.swift; path = "Extension+UserDefaults.swift"; sourceTree = "<group>"; };
/* End PBXFileReference section */

/* Begin PBXFrameworksBuildPhase section */
		EA2E385327E6ED2300122877 /* Frameworks */ = {
			isa = PBXFrameworksBuildPhase;
			buildActionMask = 2147483647;
			files = (
			);
			runOnlyForDeploymentPostprocessing = 0;
		};
/* End PBXFrameworksBuildPhase section */

/* Begin PBXGroup section */
		EA24D24C27FD73F50055B928 /* Settings */ = {
			isa = PBXGroup;
			children = (
				EA2E388127EAF71C00122877 /* SettingsView.swift */,
				EA5D2A8527FAC1530037E967 /* SettingsButton.swift */,
				EA24D24D27FD74090055B928 /* ColorDial.swift */,
			);
			path = Settings;
			sourceTree = "<group>";
		};
		EA2E384D27E6ED2300122877 = {
			isa = PBXGroup;
			children = (
				EA2E385827E6ED2300122877 /* CoolCalc */,
				EA2E385727E6ED2300122877 /* Products */,
			);
			sourceTree = "<group>";
		};
		EA2E385727E6ED2300122877 /* Products */ = {
			isa = PBXGroup;
			children = (
				EA2E385627E6ED2300122877 /* CoolCalc.app */,
			);
			name = Products;
			sourceTree = "<group>";
		};
		EA2E385827E6ED2300122877 /* CoolCalc */ = {
			isa = PBXGroup;
			children = (
				EA2E385927E6ED2300122877 /* AppDelegate.swift */,
				EA2E385B27E6ED2300122877 /* SceneDelegate.swift */,
				EA2E38E327F919D500122877 /* Utilities */,
				EA2E386F27E6ED5800122877 /* Models */,
				EA2E386D27E6ED4200122877 /* Views */,
				EA2E386E27E6ED4A00122877 /* Controllers */,
				EA31685128014380009A6DDC /* Sounds */,
				EA2E386227E6ED2400122877 /* Assets.xcassets */,
				EA2E386427E6ED2400122877 /* LaunchScreen.storyboard */,
				EA2E386727E6ED2400122877 /* Info.plist */,
			);
			path = CoolCalc;
			sourceTree = "<group>";
		};
		EA2E386D27E6ED4200122877 /* Views */ = {
			isa = PBXGroup;
			children = (
				EA3168642801E52A009A6DDC /* CalcView */,
				EA24D24C27FD73F50055B928 /* Settings */,
				EA5D2A8427FAB0AA0037E967 /* Buttons */,
				EA2E385F27E6ED2300122877 /* Main.storyboard */,
			);
			path = Views;
			sourceTree = "<group>";
		};
		EA2E386E27E6ED4A00122877 /* Controllers */ = {
			isa = PBXGroup;
			children = (
				EA2E385D27E6ED2300122877 /* CoolCalcViewController.swift */,
			);
			path = Controllers;
			sourceTree = "<group>";
		};
		EA2E386F27E6ED5800122877 /* Models */ = {
			isa = PBXGroup;
			children = (
				EAA3ABB927F97FB600805D9C /* K.swift */,
				EA2E387427E7EA2800122877 /* CalcLogic.swift */,
			);
			path = Models;
			sourceTree = "<group>";
		};
		EA2E38E227F919C300122877 /* Extensions */ = {
			isa = PBXGroup;
			children = (
				EA2E387827E8430400122877 /* Extension+UIView.swift */,
				EA2E38E027F9199D00122877 /* Extension+UIColor.swift */,
				EAA3ABBB27F9818600805D9C /* Extension+UserDefaults.swift */,
			);
			path = Extensions;
			sourceTree = "<group>";
		};
		EA2E38E327F919D500122877 /* Utilities */ = {
			isa = PBXGroup;
			children = (
				EA2E38E227F919C300122877 /* Extensions */,
				EA2E38E427F919F800122877 /* ImmediatePanGestureRecognizer.swift */,
				EA5D2A7E27FA8BCC0037E967 /* AudioPlayer.swift */,
			);
			path = Utilities;
			sourceTree = "<group>";
		};
		EA31685128014380009A6DDC /* Sounds */ = {
			isa = PBXGroup;
			children = (
				EA31685928014E68009A6DDC /* AppearanceButton.mp3 */,
				EA7AD52E280E604D0095F5A7 /* Tap1.mp3 */,
				EA316879280D08BE009A6DDC /* Tap2.mp3 */,
				EA316883280D1CC0009A6DDC /* Tap3.mp3 */,
				EA31685E28015137009A6DDC /* MuteOn.mp3 */,
				EA31685F28015137009A6DDC /* MuteOff.mp3 */,
				EA31686728036F8E009A6DDC /* LightOn.mp3 */,
				EA31686B280371A9009A6DDC /* LightOff.mp3 */,
			);
			path = Sounds;
			sourceTree = "<group>";
		};
		EA3168642801E52A009A6DDC /* CalcView */ = {
			isa = PBXGroup;
			children = (
				EA3168622801E51C009A6DDC /* CalcView.swift */,
			);
			path = CalcView;
			sourceTree = "<group>";
		};
		EA5D2A8427FAB0AA0037E967 /* Buttons */ = {
			isa = PBXGroup;
			children = (
				EA5D2A8227FAB0A50037E967 /* CustomButton.swift */,
				EA2E387027E7A7BD00122877 /* CalcButton.swift */,
			);
			path = Buttons;
			sourceTree = "<group>";
		};
/* End PBXGroup section */

/* Begin PBXNativeTarget section */
		EA2E385527E6ED2300122877 /* CoolCalc */ = {
			isa = PBXNativeTarget;
			buildConfigurationList = EA2E386A27E6ED2400122877 /* Build configuration list for PBXNativeTarget "CoolCalc" */;
			buildPhases = (
				EA2E385227E6ED2300122877 /* Sources */,
				EA2E385327E6ED2300122877 /* Frameworks */,
				EA2E385427E6ED2300122877 /* Resources */,
			);
			buildRules = (
			);
			dependencies = (
			);
			name = CoolCalc;
			productName = CoolCalc;
			productReference = EA2E385627E6ED2300122877 /* CoolCalc.app */;
			productType = "com.apple.product-type.application";
		};
/* End PBXNativeTarget section */

/* Begin PBXProject section */
		EA2E384E27E6ED2300122877 /* Project object */ = {
			isa = PBXProject;
			attributes = {
				BuildIndependentTargetsInParallel = 1;
				LastSwiftUpdateCheck = 1330;
				LastUpgradeCheck = 1330;
				TargetAttributes = {
					EA2E385527E6ED2300122877 = {
						CreatedOnToolsVersion = 13.3;
					};
				};
			};
			buildConfigurationList = EA2E385127E6ED2300122877 /* Build configuration list for PBXProject "CoolCalc" */;
			compatibilityVersion = "Xcode 13.0";
			developmentRegion = en;
			hasScannedForEncodings = 0;
			knownRegions = (
				en,
				Base,
			);
			mainGroup = EA2E384D27E6ED2300122877;
			productRefGroup = EA2E385727E6ED2300122877 /* Products */;
			projectDirPath = "";
			projectRoot = "";
			targets = (
				EA2E385527E6ED2300122877 /* CoolCalc */,
			);
		};
/* End PBXProject section */

/* Begin PBXResourcesBuildPhase section */
		EA2E385427E6ED2300122877 /* Resources */ = {
			isa = PBXResourcesBuildPhase;
			buildActionMask = 2147483647;
			files = (
				EA31686028015137009A6DDC /* MuteOn.mp3 in Resources */,
				EA2E386627E6ED2400122877 /* LaunchScreen.storyboard in Resources */,
				EA31686128015137009A6DDC /* MuteOff.mp3 in Resources */,
				EA316884280D1CC0009A6DDC /* Tap3.mp3 in Resources */,
				EA31686828036F8E009A6DDC /* LightOn.mp3 in Resources */,
				EA2E386327E6ED2400122877 /* Assets.xcassets in Resources */,
				EA31687A280D08BE009A6DDC /* Tap2.mp3 in Resources */,
				EA31685C28014E68009A6DDC /* AppearanceButton.mp3 in Resources */,
				EA2E386127E6ED2300122877 /* Main.storyboard in Resources */,
				EA7AD52F280E604D0095F5A7 /* Tap1.mp3 in Resources */,
				EA31686C280371A9009A6DDC /* LightOff.mp3 in Resources */,
			);
			runOnlyForDeploymentPostprocessing = 0;
		};
/* End PBXResourcesBuildPhase section */

/* Begin PBXSourcesBuildPhase section */
		EA2E385227E6ED2300122877 /* Sources */ = {
			isa = PBXSourcesBuildPhase;
			buildActionMask = 2147483647;
			files = (
				EA5D2A8627FAC1530037E967 /* SettingsButton.swift in Sources */,
				EA24D24E27FD74090055B928 /* ColorDial.swift in Sources */,
				EA2E385E27E6ED2300122877 /* CoolCalcViewController.swift in Sources */,
				EA2E38E527F919F800122877 /* ImmediatePanGestureRecognizer.swift in Sources */,
				EA2E385A27E6ED2300122877 /* AppDelegate.swift in Sources */,
				EA2E38E127F9199D00122877 /* Extension+UIColor.swift in Sources */,
				EA2E387127E7A7BD00122877 /* CalcButton.swift in Sources */,
				EA2E387927E8430400122877 /* Extension+UIView.swift in Sources */,
				EAA3ABBA27F97FB600805D9C /* K.swift in Sources */,
				EA2E385C27E6ED2300122877 /* SceneDelegate.swift in Sources */,
				EA2E388227EAF71C00122877 /* SettingsView.swift in Sources */,
				EAA3ABBC27F9818600805D9C /* Extension+UserDefaults.swift in Sources */,
				EA2E387527E7EA2800122877 /* CalcLogic.swift in Sources */,
				EA3168632801E51C009A6DDC /* CalcView.swift in Sources */,
				EA5D2A7F27FA8BCC0037E967 /* AudioPlayer.swift in Sources */,
				EA5D2A8327FAB0A50037E967 /* CustomButton.swift in Sources */,
			);
			runOnlyForDeploymentPostprocessing = 0;
		};
/* End PBXSourcesBuildPhase section */

/* Begin PBXVariantGroup section */
		EA2E385F27E6ED2300122877 /* Main.storyboard */ = {
			isa = PBXVariantGroup;
			children = (
				EA2E386027E6ED2300122877 /* Base */,
			);
			name = Main.storyboard;
			sourceTree = "<group>";
		};
		EA2E386427E6ED2400122877 /* LaunchScreen.storyboard */ = {
			isa = PBXVariantGroup;
			children = (
				EA2E386527E6ED2400122877 /* Base */,
			);
			name = LaunchScreen.storyboard;
			sourceTree = "<group>";
		};
/* End PBXVariantGroup section */

/* Begin XCBuildConfiguration section */
		EA2E386827E6ED2400122877 /* Debug */ = {
			isa = XCBuildConfiguration;
			buildSettings = {
				ALWAYS_SEARCH_USER_PATHS = NO;
				CLANG_ANALYZER_NONNULL = YES;
				CLANG_ANALYZER_NUMBER_OBJECT_CONVERSION = YES_AGGRESSIVE;
				CLANG_CXX_LANGUAGE_STANDARD = "gnu++17";
				CLANG_ENABLE_MODULES = YES;
				CLANG_ENABLE_OBJC_ARC = YES;
				CLANG_ENABLE_OBJC_WEAK = YES;
				CLANG_WARN_BLOCK_CAPTURE_AUTORELEASING = YES;
				CLANG_WARN_BOOL_CONVERSION = YES;
				CLANG_WARN_COMMA = YES;
				CLANG_WARN_CONSTANT_CONVERSION = YES;
				CLANG_WARN_DEPRECATED_OBJC_IMPLEMENTATIONS = YES;
				CLANG_WARN_DIRECT_OBJC_ISA_USAGE = YES_ERROR;
				CLANG_WARN_DOCUMENTATION_COMMENTS = YES;
				CLANG_WARN_EMPTY_BODY = YES;
				CLANG_WARN_ENUM_CONVERSION = YES;
				CLANG_WARN_INFINITE_RECURSION = YES;
				CLANG_WARN_INT_CONVERSION = YES;
				CLANG_WARN_NON_LITERAL_NULL_CONVERSION = YES;
				CLANG_WARN_OBJC_IMPLICIT_RETAIN_SELF = YES;
				CLANG_WARN_OBJC_LITERAL_CONVERSION = YES;
				CLANG_WARN_OBJC_ROOT_CLASS = YES_ERROR;
				CLANG_WARN_QUOTED_INCLUDE_IN_FRAMEWORK_HEADER = YES;
				CLANG_WARN_RANGE_LOOP_ANALYSIS = YES;
				CLANG_WARN_STRICT_PROTOTYPES = YES;
				CLANG_WARN_SUSPICIOUS_MOVE = YES;
				CLANG_WARN_UNGUARDED_AVAILABILITY = YES_AGGRESSIVE;
				CLANG_WARN_UNREACHABLE_CODE = YES;
				CLANG_WARN__DUPLICATE_METHOD_MATCH = YES;
				COPY_PHASE_STRIP = NO;
				DEBUG_INFORMATION_FORMAT = dwarf;
				ENABLE_STRICT_OBJC_MSGSEND = YES;
				ENABLE_TESTABILITY = YES;
				GCC_C_LANGUAGE_STANDARD = gnu11;
				GCC_DYNAMIC_NO_PIC = NO;
				GCC_NO_COMMON_BLOCKS = YES;
				GCC_OPTIMIZATION_LEVEL = 0;
				GCC_PREPROCESSOR_DEFINITIONS = (
					"DEBUG=1",
					"$(inherited)",
				);
				GCC_WARN_64_TO_32_BIT_CONVERSION = YES;
				GCC_WARN_ABOUT_RETURN_TYPE = YES_ERROR;
				GCC_WARN_UNDECLARED_SELECTOR = YES;
				GCC_WARN_UNINITIALIZED_AUTOS = YES_AGGRESSIVE;
				GCC_WARN_UNUSED_FUNCTION = YES;
				GCC_WARN_UNUSED_VARIABLE = YES;
				IPHONEOS_DEPLOYMENT_TARGET = 15.4;
				MTL_ENABLE_DEBUG_INFO = INCLUDE_SOURCE;
				MTL_FAST_MATH = YES;
				ONLY_ACTIVE_ARCH = YES;
				SDKROOT = iphoneos;
				SWIFT_ACTIVE_COMPILATION_CONDITIONS = DEBUG;
				SWIFT_OPTIMIZATION_LEVEL = "-Onone";
			};
			name = Debug;
		};
		EA2E386927E6ED2400122877 /* Release */ = {
			isa = XCBuildConfiguration;
			buildSettings = {
				ALWAYS_SEARCH_USER_PATHS = NO;
				CLANG_ANALYZER_NONNULL = YES;
				CLANG_ANALYZER_NUMBER_OBJECT_CONVERSION = YES_AGGRESSIVE;
				CLANG_CXX_LANGUAGE_STANDARD = "gnu++17";
				CLANG_ENABLE_MODULES = YES;
				CLANG_ENABLE_OBJC_ARC = YES;
				CLANG_ENABLE_OBJC_WEAK = YES;
				CLANG_WARN_BLOCK_CAPTURE_AUTORELEASING = YES;
				CLANG_WARN_BOOL_CONVERSION = YES;
				CLANG_WARN_COMMA = YES;
				CLANG_WARN_CONSTANT_CONVERSION = YES;
				CLANG_WARN_DEPRECATED_OBJC_IMPLEMENTATIONS = YES;
				CLANG_WARN_DIRECT_OBJC_ISA_USAGE = YES_ERROR;
				CLANG_WARN_DOCUMENTATION_COMMENTS = YES;
				CLANG_WARN_EMPTY_BODY = YES;
				CLANG_WARN_ENUM_CONVERSION = YES;
				CLANG_WARN_INFINITE_RECURSION = YES;
				CLANG_WARN_INT_CONVERSION = YES;
				CLANG_WARN_NON_LITERAL_NULL_CONVERSION = YES;
				CLANG_WARN_OBJC_IMPLICIT_RETAIN_SELF = YES;
				CLANG_WARN_OBJC_LITERAL_CONVERSION = YES;
				CLANG_WARN_OBJC_ROOT_CLASS = YES_ERROR;
				CLANG_WARN_QUOTED_INCLUDE_IN_FRAMEWORK_HEADER = YES;
				CLANG_WARN_RANGE_LOOP_ANALYSIS = YES;
				CLANG_WARN_STRICT_PROTOTYPES = YES;
				CLANG_WARN_SUSPICIOUS_MOVE = YES;
				CLANG_WARN_UNGUARDED_AVAILABILITY = YES_AGGRESSIVE;
				CLANG_WARN_UNREACHABLE_CODE = YES;
				CLANG_WARN__DUPLICATE_METHOD_MATCH = YES;
				COPY_PHASE_STRIP = NO;
				DEBUG_INFORMATION_FORMAT = "dwarf-with-dsym";
				ENABLE_NS_ASSERTIONS = NO;
				ENABLE_STRICT_OBJC_MSGSEND = YES;
				GCC_C_LANGUAGE_STANDARD = gnu11;
				GCC_NO_COMMON_BLOCKS = YES;
				GCC_WARN_64_TO_32_BIT_CONVERSION = YES;
				GCC_WARN_ABOUT_RETURN_TYPE = YES_ERROR;
				GCC_WARN_UNDECLARED_SELECTOR = YES;
				GCC_WARN_UNINITIALIZED_AUTOS = YES_AGGRESSIVE;
				GCC_WARN_UNUSED_FUNCTION = YES;
				GCC_WARN_UNUSED_VARIABLE = YES;
				IPHONEOS_DEPLOYMENT_TARGET = 15.4;
				MTL_ENABLE_DEBUG_INFO = NO;
				MTL_FAST_MATH = YES;
				SDKROOT = iphoneos;
				SWIFT_COMPILATION_MODE = wholemodule;
				SWIFT_OPTIMIZATION_LEVEL = "-O";
				VALIDATE_PRODUCT = YES;
			};
			name = Release;
		};
		EA2E386B27E6ED2400122877 /* Debug */ = {
			isa = XCBuildConfiguration;
			buildSettings = {
				ASSETCATALOG_COMPILER_APPICON_NAME = AppIcon;
				ASSETCATALOG_COMPILER_GLOBAL_ACCENT_COLOR_NAME = AccentColor;
				CODE_SIGN_STYLE = Automatic;
				CURRENT_PROJECT_VERSION = 1;
				DEVELOPMENT_TEAM = LZ8V996BTJ;
				GENERATE_INFOPLIST_FILE = YES;
				INFOPLIST_FILE = CoolCalc/Info.plist;
				INFOPLIST_KEY_UIApplicationSupportsIndirectInputEvents = YES;
				INFOPLIST_KEY_UILaunchStoryboardName = LaunchScreen;
				INFOPLIST_KEY_UIMainStoryboardFile = Main;
				INFOPLIST_KEY_UISupportedInterfaceOrientations = "UIInterfaceOrientationPortrait UIInterfaceOrientationLandscapeLeft UIInterfaceOrientationLandscapeRight";
				INFOPLIST_KEY_UISupportedInterfaceOrientations_iPad = "UIInterfaceOrientationPortrait UIInterfaceOrientationPortraitUpsideDown UIInterfaceOrientationLandscapeLeft UIInterfaceOrientationLandscapeRight";
				INFOPLIST_KEY_UISupportedInterfaceOrientations_iPhone = "UIInterfaceOrientationPortrait UIInterfaceOrientationLandscapeLeft UIInterfaceOrientationLandscapeRight";
				IPHONEOS_DEPLOYMENT_TARGET = 15.0;
				LD_RUNPATH_SEARCH_PATHS = (
					"$(inherited)",
					"@executable_path/Frameworks",
				);
				MARKETING_VERSION = 1.0;
				PRODUCT_BUNDLE_IDENTIFIER = "com.5play-apps.CoolCalc";
				PRODUCT_NAME = "$(TARGET_NAME)";
				SWIFT_EMIT_LOC_STRINGS = YES;
				SWIFT_VERSION = 5.0;
				TARGETED_DEVICE_FAMILY = "1,2";
			};
			name = Debug;
		};
		EA2E386C27E6ED2400122877 /* Release */ = {
			isa = XCBuildConfiguration;
			buildSettings = {
				ASSETCATALOG_COMPILER_APPICON_NAME = AppIcon;
				ASSETCATALOG_COMPILER_GLOBAL_ACCENT_COLOR_NAME = AccentColor;
				CODE_SIGN_STYLE = Automatic;
				CURRENT_PROJECT_VERSION = 1;
				DEVELOPMENT_TEAM = LZ8V996BTJ;
				GENERATE_INFOPLIST_FILE = YES;
				INFOPLIST_FILE = CoolCalc/Info.plist;
				INFOPLIST_KEY_UIApplicationSupportsIndirectInputEvents = YES;
				INFOPLIST_KEY_UILaunchStoryboardName = LaunchScreen;
				INFOPLIST_KEY_UIMainStoryboardFile = Main;
				INFOPLIST_KEY_UISupportedInterfaceOrientations = "UIInterfaceOrientationPortrait UIInterfaceOrientationLandscapeLeft UIInterfaceOrientationLandscapeRight";
				INFOPLIST_KEY_UISupportedInterfaceOrientations_iPad = "UIInterfaceOrientationPortrait UIInterfaceOrientationPortraitUpsideDown UIInterfaceOrientationLandscapeLeft UIInterfaceOrientationLandscapeRight";
				INFOPLIST_KEY_UISupportedInterfaceOrientations_iPhone = "UIInterfaceOrientationPortrait UIInterfaceOrientationLandscapeLeft UIInterfaceOrientationLandscapeRight";
				IPHONEOS_DEPLOYMENT_TARGET = 15.0;
				LD_RUNPATH_SEARCH_PATHS = (
					"$(inherited)",
					"@executable_path/Frameworks",
				);
				MARKETING_VERSION = 1.0;
				PRODUCT_BUNDLE_IDENTIFIER = "com.5play-apps.CoolCalc";
				PRODUCT_NAME = "$(TARGET_NAME)";
				SWIFT_EMIT_LOC_STRINGS = YES;
				SWIFT_VERSION = 5.0;
				TARGETED_DEVICE_FAMILY = "1,2";
			};
			name = Release;
		};
/* End XCBuildConfiguration section */

/* Begin XCConfigurationList section */
		EA2E385127E6ED2300122877 /* Build configuration list for PBXProject "CoolCalc" */ = {
			isa = XCConfigurationList;
			buildConfigurations = (
				EA2E386827E6ED2400122877 /* Debug */,
				EA2E386927E6ED2400122877 /* Release */,
			);
			defaultConfigurationIsVisible = 0;
			defaultConfigurationName = Release;
		};
		EA2E386A27E6ED2400122877 /* Build configuration list for PBXNativeTarget "CoolCalc" */ = {
			isa = XCConfigurationList;
			buildConfigurations = (
				EA2E386B27E6ED2400122877 /* Debug */,
				EA2E386C27E6ED2400122877 /* Release */,
			);
			defaultConfigurationIsVisible = 0;
			defaultConfigurationName = Release;
		};
/* End XCConfigurationList section */
	};
	rootObject = EA2E384E27E6ED2300122877 /* Project object */;
}
